<?xml version="1.0" encoding="utf-8"?>
<Project ToolsVersion="4.0" xmlns="http://schemas.microsoft.com/developer/msbuild/2003">
  <ItemGroup>
    <Filter Include="Source Files">
      <UniqueIdentifier>{4FC737F1-C7A5-4376-A066-2A32D752A2FF}</UniqueIdentifier>
      <Extensions>cpp;c;cc;cxx;def;odl;idl;hpj;bat;asm;asmx</Extensions>
    </Filter>
    <Filter Include="Header Files">
      <UniqueIdentifier>{93995380-89BD-4b04-88EB-625FBE52EBFB}</UniqueIdentifier>
      <Extensions>h;hh;hpp;hxx;hm;inl;inc;xsd</Extensions>
    </Filter>
    <Filter Include="Resource Files">
      <UniqueIdentifier>{67DA6AB6-F800-4c08-8B7A-83BB121AAD01}</UniqueIdentifier>
      <Extensions>rc;ico;cur;bmp;dlg;rc2;rct;bin;rgs;gif;jpg;jpeg;jpe;resx;tiff;tif;png;wav;mfcribbon-ms</Extensions>
    </Filter>
  </ItemGroup>
  <ItemGroup>
    <None Include="OpenSprinkler_Arduino_V_2_1_8.ino" />
  </ItemGroup>
  <ItemGroup>
    <ClInclude Include="__vm\.OpenSprinkler_Arduino_V_2_1_8.vsarduino.h">
      <Filter>Header Files</Filter>
    </ClInclude>
    <ClInclude Include="defines.h">
      <Filter>Header Files</Filter>
    </ClInclude>
    <ClInclude Include="DS1307RTC.h">
      <Filter>Header Files</Filter>
    </ClInclude>
    <ClInclude Include="espconnect.h">
      <Filter>Header Files</Filter>
    </ClInclude>
    <ClInclude Include="etherport.h">
      <Filter>Header Files</Filter>
    </ClInclude>
    <ClInclude Include="font.h">
      <Filter>Header Files</Filter>
    </ClInclude>
    <ClInclude Include="gpio.h">
      <Filter>Header Files</Filter>
    </ClInclude>
    <ClInclude Include="htmls.h">
      <Filter>Header Files</Filter>
    </ClInclude>
    <ClInclude Include="i2crtc.h">
      <Filter>Header Files</Filter>
    </ClInclude>
    <ClInclude Include="images.h">
      <Filter>Header Files</Filter>
    </ClInclude>
    <ClInclude Include="LiquidCrystal.h">
      <Filter>Header Files</Filter>
    </ClInclude>
    <ClInclude Include="OpenSprinkler.h">
      <Filter>Header Files</Filter>
    </ClInclude>
    <ClInclude Include="program.h">
      <Filter>Header Files</Filter>
    </ClInclude>
    <ClInclude Include="server.h">
      <Filter>Header Files</Filter>
    </ClInclude>
    <ClInclude Include="SSD1306Display.h">
      <Filter>Header Files</Filter>
    </ClInclude>
    <ClInclude Include="testmode.h">
      <Filter>Header Files</Filter>
    </ClInclude>
    <ClInclude Include="Time.h">
      <Filter>Header Files</Filter>
    </ClInclude>
    <ClInclude Include="TimeAlarms.h">
      <Filter>Header Files</Filter>
    </ClInclude>
    <ClInclude Include="TimeLib.h">
      <Filter>Header Files</Filter>
    </ClInclude>
    <ClInclude Include="utils.h">
      <Filter>Header Files</Filter>
    </ClInclude>
    <ClInclude Include="weather.h">
      <Filter>Header Files</Filter>
    </ClInclude>
    <ClInclude Include="src\OpenSprinkler_Arduino.h">
      <Filter>Header Files</Filter>
    </ClInclude>
    <ClInclude Include="src\OpenSprinkler_Arduino_Button.h">
      <Filter>Header Files</Filter>
    </ClInclude>
    <ClInclude Include="src\OpenSprinkler_Arduino_Debug.h">
      <Filter>Header Files</Filter>
    </ClInclude>
    <ClInclude Include="src\OpenSprinkler_Arduino_Discrete.h">
      <Filter>Header Files</Filter>
    </ClInclude>
    <ClInclude Include="src\OpenSprinkler_Arduino_Pins.h">
      <Filter>Header Files</Filter>
    </ClInclude>
    <ClInclude Include="src\Opensprinkler_Arduino_Pins_Undef.h">
      <Filter>Header Files</Filter>
    </ClInclude>
    <ClInclude Include="src\network\debug.h">
      <Filter>Header Files</Filter>
    </ClInclude>
    <ClInclude Include="src\network\enc28j60.h">
      <Filter>Header Files</Filter>
    </ClInclude>
    <ClInclude Include="src\network\EtherCard.h">
      <Filter>Header Files</Filter>
    </ClInclude>
    <ClInclude Include="src\network\EtherCardBufferFiller.h">
      <Filter>Header Files</Filter>
    </ClInclude>
    <ClInclude Include="src\network\EtherCardW5100.h">
      <Filter>Header Files</Filter>
    </ClInclude>
    <ClInclude Include="src\network\EtherCardWrapper.h">
      <Filter>Header Files</Filter>
    </ClInclude>
    <ClInclude Include="src\network\ICMPPing.h">
      <Filter>Header Files</Filter>
    </ClInclude>
    <ClInclude Include="src\network\ICMPUtil.h">
      <Filter>Header Files</Filter>
    </ClInclude>
    <ClInclude Include="src\network\net.h">
      <Filter>Header Files</Filter>
    </ClInclude>
  </ItemGroup>
  <ItemGroup>
    <ClCompile Include="defines.cpp">
      <Filter>Source Files</Filter>
    </ClCompile>
    <ClCompile Include="DS1307RTC.cpp">
      <Filter>Source Files</Filter>
    </ClCompile>
    <ClCompile Include="espconnect.cpp">
      <Filter>Source Files</Filter>
    </ClCompile>
    <ClCompile Include="etherport.cpp">
      <Filter>Source Files</Filter>
    </ClCompile>
    <ClCompile Include="gpio.cpp">
      <Filter>Source Files</Filter>
    </ClCompile>
    <ClCompile Include="i2crtc.cpp">
      <Filter>Source Files</Filter>
    </ClCompile>
    <ClCompile Include="LiquidCrystal.cpp">
      <Filter>Source Files</Filter>
    </ClCompile>
    <ClCompile Include="main.cpp">
      <Filter>Source Files</Filter>
    </ClCompile>
    <ClCompile Include="OpenSprinkler.cpp">
      <Filter>Source Files</Filter>
    </ClCompile>
    <ClCompile Include="program.cpp">
      <Filter>Source Files</Filter>
    </ClCompile>
    <ClCompile Include="server.cpp">
      <Filter>Source Files</Filter>
    </ClCompile>
    <ClCompile Include="Time.cpp">
      <Filter>Source Files</Filter>
    </ClCompile>
    <ClCompile Include="TimeAlarms.cpp">
      <Filter>Source Files</Filter>
    </ClCompile>
    <ClCompile Include="utils.cpp">
      <Filter>Source Files</Filter>
    </ClCompile>
    <ClCompile Include="weather.cpp">
      <Filter>Source Files</Filter>
    </ClCompile>
    <ClCompile Include="src\OpenSprinkler_Arduino_Button.cpp">
      <Filter>Source Files</Filter>
    </ClCompile>
    <ClCompile Include="src\OpenSprinkler_Arduino_Discrete.cpp">
      <Filter>Source Files</Filter>
    </ClCompile>
    <ClCompile Include="src\network\dhcp.cpp">
      <Filter>Source Files</Filter>
    </ClCompile>
    <ClCompile Include="src\network\dns.cpp">
      <Filter>Source Files</Filter>
    </ClCompile>
    <ClCompile Include="src\network\enc28j60.cpp">
      <Filter>Source Files</Filter>
    </ClCompile>
    <ClCompile Include="src\network\EtherCard.cpp">
      <Filter>Source Files</Filter>
    </ClCompile>
    <ClCompile Include="src\network\EtherCardBufferFiller.cpp">
      <Filter>Source Files</Filter>
    </ClCompile>
    <ClCompile Include="src\network\EtherCardW5100.cpp">
      <Filter>Source Files</Filter>
    </ClCompile>
    <ClCompile Include="src\network\ICMPPing.cpp">
      <Filter>Source Files</Filter>
    </ClCompile>
    <ClCompile Include="src\network\tcpip.cpp">
      <Filter>Source Files</Filter>
    </ClCompile>
    <ClCompile Include="src\network\udpserver.cpp">
      <Filter>Source Files</Filter>
    </ClCompile>
    <ClCompile Include="src\network\webutil.cpp">
      <Filter>Source Files</Filter>
    </ClCompile>
  </ItemGroup>
</Project>